
Microsoft Visual Studio Solution File, Format Version 12.00
# Visual Studio Version 16
VisualStudioVersion = 16.0.32106.194
MinimumVisualStudioVersion = 10.0.40219.1
Project("{FAE04EC0-301F-11D3-BF4B-00C04F79EFBC}") = "LAB11", "LAB11\LAB11.csproj", "{D416E712-9AB6-404D-BD66-A2BA02566039}"
EndProject
Project("{FAE04EC0-301F-11D3-BF4B-00C04F79EFBC}") = "LAB10", "..\..\10 лаб\LAB10\LAB10\LAB10.csproj", "{C32AB8AB-2E27-4449-98ED-0DE04A6C0EB6}"
EndProject
Project("{FAE04EC0-301F-11D3-BF4B-00C04F79EFBC}") = "TestLAB11", "TestLAB11\TestLAB11.csproj", "{EAC67F44-778F-4C62-89EA-68DF640D7BFC}"
EndProject
Global
	GlobalSection(SolutionConfigurationPlatforms) = preSolution
		Debug|Any CPU = Debug|Any CPU
		Release|Any CPU = Release|Any CPU
	EndGlobalSection
	GlobalSection(ProjectConfigurationPlatforms) = postSolution
		{D416E712-9AB6-404D-BD66-A2BA02566039}.Debug|Any CPU.ActiveCfg = Debug|Any CPU
		{D416E712-9AB6-404D-BD66-A2BA02566039}.Debug|Any CPU.Build.0 = Debug|Any CPU
		{D416E712-9AB6-404D-BD66-A2BA02566039}.Release|Any CPU.ActiveCfg = Release|Any CPU
		{D416E712-9AB6-404D-BD66-A2BA02566039}.Release|Any CPU.Build.0 = Release|Any CPU
		{C32AB8AB-2E27-4449-98ED-0DE04A6C0EB6}.Debug|Any CPU.ActiveCfg = Debug|Any CPU
		{C32AB8AB-2E27-4449-98ED-0DE04A6C0EB6}.Debug|Any CPU.Build.0 = Debug|Any CPU
		{C32AB8AB-2E27-4449-98ED-0DE04A6C0EB6}.Release|Any CPU.ActiveCfg = Release|Any CPU
		{C32AB8AB-2E27-4449-98ED-0DE04A6C0EB6}.Release|Any CPU.Build.0 = Release|Any CPU
		{EAC67F44-778F-4C62-89EA-68DF640D7BFC}.Debug|Any CPU.ActiveCfg = Debug|Any CPU
		{EAC67F44-778F-4C62-89EA-68DF640D7BFC}.Debug|Any CPU.Build.0 = Debug|Any CPU
		{EAC67F44-778F-4C62-89EA-68DF640D7BFC}.Release|Any CPU.ActiveCfg = Release|Any CPU
		{EAC67F44-778F-4C62-89EA-68DF640D7BFC}.Release|Any CPU.Build.0 = Release|Any CPU
	EndGlobalSection
	GlobalSection(SolutionProperties) = preSolution
		HideSolutionNode = FALSE
	EndGlobalSection
	GlobalSection(ExtensibilityGlobals) = postSolution
		SolutionGuid = {0141E561-3BE1-4740-AA2D-D7F28D253705}
	EndGlobalSection
EndGlobal
